// !$*UTF8*$!
{
	archiveVersion = 1;
	classes = {
	};
	objectVersion = 50;
	objects = {

/* Begin PBXBuildFile section */
		7581787323E09C070024910D /* AppDelegate.swift in Sources */ = {isa = PBXBuildFile; fileRef = 7581787223E09C070024910D /* AppDelegate.swift */; };
		7581787523E09C070024910D /* SceneDelegate.swift in Sources */ = {isa = PBXBuildFile; fileRef = 7581787423E09C070024910D /* SceneDelegate.swift */; };
		7581787723E09C070024910D /* SourcesViewController.swift in Sources */ = {isa = PBXBuildFile; fileRef = 7581787623E09C070024910D /* SourcesViewController.swift */; };
		7581787A23E09C070024910D /* Main.storyboard in Resources */ = {isa = PBXBuildFile; fileRef = 7581787823E09C070024910D /* Main.storyboard */; };
		7581787C23E09C0A0024910D /* Assets.xcassets in Resources */ = {isa = PBXBuildFile; fileRef = 7581787B23E09C0A0024910D /* Assets.xcassets */; };
		7581787F23E09C0A0024910D /* LaunchScreen.storyboard in Resources */ = {isa = PBXBuildFile; fileRef = 7581787D23E09C0A0024910D /* LaunchScreen.storyboard */; };
		7581788A23E09C0B0024910D /* Top_StoriesTests.swift in Sources */ = {isa = PBXBuildFile; fileRef = 7581788923E09C0B0024910D /* Top_StoriesTests.swift */; };
		7581789523E09C0B0024910D /* Top_StoriesUITests.swift in Sources */ = {isa = PBXBuildFile; fileRef = 7581789423E09C0B0024910D /* Top_StoriesUITests.swift */; };
		758178A323E09F960024910D /* SwiftyJSON.swift in Sources */ = {isa = PBXBuildFile; fileRef = 758178A223E09F960024910D /* SwiftyJSON.swift */; };
		75FCC06D23E48E3B0020C964 /* ArticlesViewController.swift in Sources */ = {isa = PBXBuildFile; fileRef = 75FCC06C23E48E3B0020C964 /* ArticlesViewController.swift */; };
/* End PBXBuildFile section */

/* Begin PBXContainerItemProxy section */
		7581788623E09C0B0024910D /* PBXContainerItemProxy */ = {
			isa = PBXContainerItemProxy;
			containerPortal = 7581786723E09C060024910D /* Project object */;
			proxyType = 1;
			remoteGlobalIDString = 7581786E23E09C070024910D;
			remoteInfo = "Top Stories";
		};
		7581789123E09C0B0024910D /* PBXContainerItemProxy */ = {
			isa = PBXContainerItemProxy;
			containerPortal = 7581786723E09C060024910D /* Project object */;
			proxyType = 1;
			remoteGlobalIDString = 7581786E23E09C070024910D;
			remoteInfo = "Top Stories";
		};
/* End PBXContainerItemProxy section */

/* Begin PBXFileReference section */
		7581786F23E09C070024910D /* Top Stories.app */ = {isa = PBXFileReference; explicitFileType = wrapper.application; includeInIndex = 0; path = "Top Stories.app"; sourceTree = BUILT_PRODUCTS_DIR; };
		7581787223E09C070024910D /* AppDelegate.swift */ = {isa = PBXFileReference; lastKnownFileType = sourcecode.swift; path = AppDelegate.swift; sourceTree = "<group>"; };
		7581787423E09C070024910D /* SceneDelegate.swift */ = {isa = PBXFileReference; lastKnownFileType = sourcecode.swift; path = SceneDelegate.swift; sourceTree = "<group>"; };
		7581787623E09C070024910D /* SourcesViewController.swift */ = {isa = PBXFileReference; lastKnownFileType = sourcecode.swift; path = SourcesViewController.swift; sourceTree = "<group>"; };
		7581787923E09C070024910D /* Base */ = {isa = PBXFileReference; lastKnownFileType = file.storyboard; name = Base; path = Base.lproj/Main.storyboard; sourceTree = "<group>"; };
		7581787B23E09C0A0024910D /* Assets.xcassets */ = {isa = PBXFileReference; lastKnownFileType = folder.assetcatalog; path = Assets.xcassets; sourceTree = "<group>"; };
		7581787E23E09C0A0024910D /* Base */ = {isa = PBXFileReference; lastKnownFileType = file.storyboard; name = Base; path = Base.lproj/LaunchScreen.storyboard; sourceTree = "<group>"; };
		7581788023E09C0A0024910D /* Info.plist */ = {isa = PBXFileReference; lastKnownFileType = text.plist.xml; path = Info.plist; sourceTree = "<group>"; };
		7581788523E09C0B0024910D /* Top StoriesTests.xctest */ = {isa = PBXFileReference; explicitFileType = wrapper.cfbundle; includeInIndex = 0; path = "Top StoriesTests.xctest"; sourceTree = BUILT_PRODUCTS_DIR; };
		7581788923E09C0B0024910D /* Top_StoriesTests.swift */ = {isa = PBXFileReference; lastKnownFileType = sourcecode.swift; path = Top_StoriesTests.swift; sourceTree = "<group>"; };
		7581788B23E09C0B0024910D /* Info.plist */ = {isa = PBXFileReference; lastKnownFileType = text.plist.xml; path = Info.plist; sourceTree = "<group>"; };
		7581789023E09C0B0024910D /* Top StoriesUITests.xctest */ = {isa = PBXFileReference; explicitFileType = wrapper.cfbundle; includeInIndex = 0; path = "Top StoriesUITests.xctest"; sourceTree = BUILT_PRODUCTS_DIR; };
		7581789423E09C0B0024910D /* Top_StoriesUITests.swift */ = {isa = PBXFileReference; lastKnownFileType = sourcecode.swift; path = Top_StoriesUITests.swift; sourceTree = "<group>"; };
		7581789623E09C0B0024910D /* Info.plist */ = {isa = PBXFileReference; lastKnownFileType = text.plist.xml; path = Info.plist; sourceTree = "<group>"; };
		758178A223E09F960024910D /* SwiftyJSON.swift */ = {isa = PBXFileReference; fileEncoding = 4; lastKnownFileType = sourcecode.swift; path = SwiftyJSON.swift; sourceTree = "<group>"; };
		75FCC06C23E48E3B0020C964 /* ArticlesViewController.swift */ = {isa = PBXFileReference; lastKnownFileType = sourcecode.swift; path = ArticlesViewController.swift; sourceTree = "<group>"; };
/* End PBXFileReference section */

/* Begin PBXFrameworksBuildPhase section */
		7581786C23E09C070024910D /* Frameworks */ = {
			isa = PBXFrameworksBuildPhase;
			buildActionMask = 2147483647;
			files = (
			);
			runOnlyForDeploymentPostprocessing = 0;
		};
		7581788223E09C0B0024910D /* Frameworks */ = {
			isa = PBXFrameworksBuildPhase;
			buildActionMask = 2147483647;
			files = (
			);
			runOnlyForDeploymentPostprocessing = 0;
		};
		7581788D23E09C0B0024910D /* Frameworks */ = {
			isa = PBXFrameworksBuildPhase;
			buildActionMask = 2147483647;
			files = (
			);
			runOnlyForDeploymentPostprocessing = 0;
		};
/* End PBXFrameworksBuildPhase section */

/* Begin PBXGroup section */
		7581786623E09C060024910D = {
			isa = PBXGroup;
			children = (
				7581787123E09C070024910D /* Top Stories */,
				7581788823E09C0B0024910D /* Top StoriesTests */,
				7581789323E09C0B0024910D /* Top StoriesUITests */,
				7581787023E09C070024910D /* Products */,
			);
			sourceTree = "<group>";
		};
		7581787023E09C070024910D /* Products */ = {
			isa = PBXGroup;
			children = (
				7581786F23E09C070024910D /* Top Stories.app */,
				7581788523E09C0B0024910D /* Top StoriesTests.xctest */,
				7581789023E09C0B0024910D /* Top StoriesUITests.xctest */,
			);
			name = Products;
			sourceTree = "<group>";
		};
		7581787123E09C070024910D /* Top Stories */ = {
			isa = PBXGroup;
			children = (
				7581787223E09C070024910D /* AppDelegate.swift */,
				7581787423E09C070024910D /* SceneDelegate.swift */,
				7581787623E09C070024910D /* SourcesViewController.swift */,
				75FCC06C23E48E3B0020C964 /* ArticlesViewController.swift */,
				7581787823E09C070024910D /* Main.storyboard */,
				7581787B23E09C0A0024910D /* Assets.xcassets */,
				7581787D23E09C0A0024910D /* LaunchScreen.storyboard */,
				7581788023E09C0A0024910D /* Info.plist */,
				758178A223E09F960024910D /* SwiftyJSON.swift */,
			);
			path = "Top Stories";
			sourceTree = "<group>";
		};
		7581788823E09C0B0024910D /* Top StoriesTests */ = {
			isa = PBXGroup;
			children = (
				7581788923E09C0B0024910D /* Top_StoriesTests.swift */,
				7581788B23E09C0B0024910D /* Info.plist */,
			);
			path = "Top StoriesTests";
			sourceTree = "<group>";
		};
		7581789323E09C0B0024910D /* Top StoriesUITests */ = {
			isa = PBXGroup;
			children = (
				7581789423E09C0B0024910D /* Top_StoriesUITests.swift */,
				7581789623E09C0B0024910D /* Info.plist */,
			);
			path = "Top StoriesUITests";
			sourceTree = "<group>";
		};
/* End PBXGroup section */

/* Begin PBXNativeTarget section */
		7581786E23E09C070024910D /* Top Stories */ = {
			isa = PBXNativeTarget;
			buildConfigurationList = 7581789923E09C0B0024910D /* Build configuration list for PBXNativeTarget "Top Stories" */;
			buildPhases = (
				7581786B23E09C070024910D /* Sources */,
				7581786C23E09C070024910D /* Frameworks */,
				7581786D23E09C070024910D /* Resources */,
			);
			buildRules = (
			);
			dependencies = (
			);
			name = "Top Stories";
			productName = "Top Stories";
			productReference = 7581786F23E09C070024910D /* Top Stories.app */;
			productType = "com.apple.product-type.application";
		};
		7581788423E09C0B0024910D /* Top StoriesTests */ = {
			isa = PBXNativeTarget;
			buildConfigurationList = 7581789C23E09C0B0024910D /* Build configuration list for PBXNativeTarget "Top StoriesTests" */;
			buildPhases = (
				7581788123E09C0B0024910D /* Sources */,
				7581788223E09C0B0024910D /* Frameworks */,
				7581788323E09C0B0024910D /* Resources */,
			);
			buildRules = (
			);
			dependencies = (
				7581788723E09C0B0024910D /* PBXTargetDependency */,
			);
			name = "Top StoriesTests";
			productName = "Top StoriesTests";
			productReference = 7581788523E09C0B0024910D /* Top StoriesTests.xctest */;
			productType = "com.apple.product-type.bundle.unit-test";
		};
		7581788F23E09C0B0024910D /* Top StoriesUITests */ = {
			isa = PBXNativeTarget;
			buildConfigurationList = 7581789F23E09C0B0024910D /* Build configuration list for PBXNativeTarget "Top StoriesUITests" */;
			buildPhases = (
				7581788C23E09C0B0024910D /* Sources */,
				7581788D23E09C0B0024910D /* Frameworks */,
				7581788E23E09C0B0024910D /* Resources */,
			);
			buildRules = (
			);
			dependencies = (
				7581789223E09C0B0024910D /* PBXTargetDependency */,
			);
			name = "Top StoriesUITests";
			productName = "Top StoriesUITests";
			productReference = 7581789023E09C0B0024910D /* Top StoriesUITests.xctest */;
			productType = "com.apple.product-type.bundle.ui-testing";
		};
/* End PBXNativeTarget section */

/* Begin PBXProject section */
		7581786723E09C060024910D /* Project object */ = {
			isa = PBXProject;
			attributes = {
				LastSwiftUpdateCheck = 1110;
				LastUpgradeCheck = 1110;
				ORGANIZATIONNAME = "Novak Software Development";
				TargetAttributes = {
					7581786E23E09C070024910D = {
						CreatedOnToolsVersion = 11.1;
					};
					7581788423E09C0B0024910D = {
						CreatedOnToolsVersion = 11.1;
						TestTargetID = 7581786E23E09C070024910D;
					};
					7581788F23E09C0B0024910D = {
						CreatedOnToolsVersion = 11.1;
						TestTargetID = 7581786E23E09C070024910D;
					};
				};
			};
			buildConfigurationList = 7581786A23E09C060024910D /* Build configuration list for PBXProject "Top Stories" */;
			compatibilityVersion = "Xcode 9.3";
			developmentRegion = en;
			hasScannedForEncodings = 0;
			knownRegions = (
				en,
				Base,
			);
			mainGroup = 7581786623E09C060024910D;
			productRefGroup = 7581787023E09C070024910D /* Products */;
			projectDirPath = "";
			projectRoot = "";
			targets = (
				7581786E23E09C070024910D /* Top Stories */,
				7581788423E09C0B0024910D /* Top StoriesTests */,
				7581788F23E09C0B0024910D /* Top StoriesUITests */,
			);
		};
/* End PBXProject section */

/* Begin PBXResourcesBuildPhase section */
		7581786D23E09C070024910D /* Resources */ = {
			isa = PBXResourcesBuildPhase;
			buildActionMask = 2147483647;
			files = (
				7581787F23E09C0A0024910D /* LaunchScreen.storyboard in Resources */,
				7581787C23E09C0A0024910D /* Assets.xcassets in Resources */,
				7581787A23E09C070024910D /* Main.storyboard in Resources */,
			);
			runOnlyForDeploymentPostprocessing = 0;
		};
		7581788323E09C0B0024910D /* Resources */ = {
			isa = PBXResourcesBuildPhase;
			buildActionMask = 2147483647;
			files = (
			);
			runOnlyForDeploymentPostprocessing = 0;
		};
		7581788E23E09C0B0024910D /* Resources */ = {
			isa = PBXResourcesBuildPhase;
			buildActionMask = 2147483647;
			files = (
			);
			runOnlyForDeploymentPostprocessing = 0;
		};
/* End PBXResourcesBuildPhase section */

/* Begin PBXSourcesBuildPhase section */
		7581786B23E09C070024910D /* Sources */ = {
			isa = PBXSourcesBuildPhase;
			buildActionMask = 2147483647;
			files = (
				7581787723E09C070024910D /* SourcesViewController.swift in Sources */,
				7581787323E09C070024910D /* AppDelegate.swift in Sources */,
				7581787523E09C070024910D /* SceneDelegate.swift in Sources */,
				758178A323E09F960024910D /* SwiftyJSON.swift in Sources */,
				75FCC06D23E48E3B0020C964 /* ArticlesViewController.swift in Sources */,
			);
			runOnlyForDeploymentPostprocessing = 0;
		};
		7581788123E09C0B0024910D /* Sources */ = {
			isa = PBXSourcesBuildPhase;
			buildActionMask = 2147483647;
			files = (
				7581788A23E09C0B0024910D /* Top_StoriesTests.swift in Sources */,
			);
			runOnlyForDeploymentPostprocessing = 0;
		};
		7581788C23E09C0B0024910D /* Sources */ = {
			isa = PBXSourcesBuildPhase;
			buildActionMask = 2147483647;
			files = (
				7581789523E09C0B0024910D /* Top_StoriesUITests.swift in Sources */,
			);
			runOnlyForDeploymentPostprocessing = 0;
		};
/* End PBXSourcesBuildPhase section */

/* Begin PBXTargetDependency section */
		7581788723E09C0B0024910D /* PBXTargetDependency */ = {
			isa = PBXTargetDependency;
			target = 7581786E23E09C070024910D /* Top Stories */;
			targetProxy = 7581788623E09C0B0024910D /* PBXContainerItemProxy */;
		};
		7581789223E09C0B0024910D /* PBXTargetDependency */ = {
			isa = PBXTargetDependency;
			target = 7581786E23E09C070024910D /* Top Stories */;
			targetProxy = 7581789123E09C0B0024910D /* PBXContainerItemProxy */;
		};
/* End PBXTargetDependency section */

/* Begin PBXVariantGroup section */
		7581787823E09C070024910D /* Main.storyboard */ = {
			isa = PBXVariantGroup;
			children = (
				7581787923E09C070024910D /* Base */,
			);
			name = Main.storyboard;
			sourceTree = "<group>";
		};
		7581787D23E09C0A0024910D /* LaunchScreen.storyboard */ = {
			isa = PBXVariantGroup;
			children = (
				7581787E23E09C0A0024910D /* Base */,
			);
			name = LaunchScreen.storyboard;
			sourceTree = "<group>";
		};
/* End PBXVariantGroup section */

/* Begin XCBuildConfiguration section */
		7581789723E09C0B0024910D /* Debug */ = {
			isa = XCBuildConfiguration;
			buildSettings = {
				ALWAYS_SEARCH_USER_PATHS = NO;
				CLANG_ANALYZER_NONNULL = YES;
				CLANG_ANALYZER_NUMBER_OBJECT_CONVERSION = YES_AGGRESSIVE;
				CLANG_CXX_LANGUAGE_STANDARD = "gnu++14";
				CLANG_CXX_LIBRARY = "libc++";
				CLANG_ENABLE_MODULES = YES;
				CLANG_ENABLE_OBJC_ARC = YES;
				CLANG_ENABLE_OBJC_WEAK = YES;
				CLANG_WARN_BLOCK_CAPTURE_AUTORELEASING = YES;
				CLANG_WARN_BOOL_CONVERSION = YES;
				CLANG_WARN_COMMA = YES;
				CLANG_WARN_CONSTANT_CONVERSION = YES;
				CLANG_WARN_DEPRECATED_OBJC_IMPLEMENTATIONS = YES;
				CLANG_WARN_DIRECT_OBJC_ISA_USAGE = YES_ERROR;
				CLANG_WARN_DOCUMENTATION_COMMENTS = YES;
				CLANG_WARN_EMPTY_BODY = YES;
				CLANG_WARN_ENUM_CONVERSION = YES;
				CLANG_WARN_INFINITE_RECURSION = YES;
				CLANG_WARN_INT_CONVERSION = YES;
				CLANG_WARN_NON_LITERAL_NULL_CONVERSION = YES;
				CLANG_WARN_OBJC_IMPLICIT_RETAIN_SELF = YES;
				CLANG_WARN_OBJC_LITERAL_CONVERSION = YES;
				CLANG_WARN_OBJC_ROOT_CLASS = YES_ERROR;
				CLANG_WARN_RANGE_LOOP_ANALYSIS = YES;
				CLANG_WARN_STRICT_PROTOTYPES = YES;
				CLANG_WARN_SUSPICIOUS_MOVE = YES;
				CLANG_WARN_UNGUARDED_AVAILABILITY = YES_AGGRESSIVE;
				CLANG_WARN_UNREACHABLE_CODE = YES;
				CLANG_WARN__DUPLICATE_METHOD_MATCH = YES;
				COPY_PHASE_STRIP = NO;
				DEBUG_INFORMATION_FORMAT = dwarf;
				ENABLE_STRICT_OBJC_MSGSEND = YES;
				ENABLE_TESTABILITY = YES;
				GCC_C_LANGUAGE_STANDARD = gnu11;
				GCC_DYNAMIC_NO_PIC = NO;
				GCC_NO_COMMON_BLOCKS = YES;
				GCC_OPTIMIZATION_LEVEL = 0;
				GCC_PREPROCESSOR_DEFINITIONS = (
					"DEBUG=1",
					"$(inherited)",
				);
				GCC_WARN_64_TO_32_BIT_CONVERSION = YES;
				GCC_WARN_ABOUT_RETURN_TYPE = YES_ERROR;
				GCC_WARN_UNDECLARED_SELECTOR = YES;
				GCC_WARN_UNINITIALIZED_AUTOS = YES_AGGRESSIVE;
				GCC_WARN_UNUSED_FUNCTION = YES;
				GCC_WARN_UNUSED_VARIABLE = YES;
				IPHONEOS_DEPLOYMENT_TARGET = 13.1;
				MTL_ENABLE_DEBUG_INFO = INCLUDE_SOURCE;
				MTL_FAST_MATH = YES;
				ONLY_ACTIVE_ARCH = YES;
				SDKROOT = iphoneos;
				SWIFT_ACTIVE_COMPILATION_CONDITIONS = DEBUG;
				SWIFT_OPTIMIZATION_LEVEL = "-Onone";
			};
			name = Debug;
		};
		7581789823E09C0B0024910D /* Release */ = {
			isa = XCBuildConfiguration;
			buildSettings = {
				ALWAYS_SEARCH_USER_PATHS = NO;
				CLANG_ANALYZER_NONNULL = YES;
				CLANG_ANALYZER_NUMBER_OBJECT_CONVERSION = YES_AGGRESSIVE;
				CLANG_CXX_LANGUAGE_STANDARD = "gnu++14";
				CLANG_CXX_LIBRARY = "libc++";
				CLANG_ENABLE_MODULES = YES;
				CLANG_ENABLE_OBJC_ARC = YES;
				CLANG_ENABLE_OBJC_WEAK = YES;
				CLANG_WARN_BLOCK_CAPTURE_AUTORELEASING = YES;
				CLANG_WARN_BOOL_CONVERSION = YES;
				CLANG_WARN_COMMA = YES;
				CLANG_WARN_CONSTANT_CONVERSION = YES;
				CLANG_WARN_DEPRECATED_OBJC_IMPLEMENTATIONS = YES;
				CLANG_WARN_DIRECT_OBJC_ISA_USAGE = YES_ERROR;
				CLANG_WARN_DOCUMENTATION_COMMENTS = YES;
				CLANG_WARN_EMPTY_BODY = YES;
				CLANG_WARN_ENUM_CONVERSION = YES;
				CLANG_WARN_INFINITE_RECURSION = YES;
				CLANG_WARN_INT_CONVERSION = YES;
				CLANG_WARN_NON_LITERAL_NULL_CONVERSION = YES;
				CLANG_WARN_OBJC_IMPLICIT_RETAIN_SELF = YES;
				CLANG_WARN_OBJC_LITERAL_CONVERSION = YES;
				CLANG_WARN_OBJC_ROOT_CLASS = YES_ERROR;
				CLANG_WARN_RANGE_LOOP_ANALYSIS = YES;
				CLANG_WARN_STRICT_PROTOTYPES = YES;
				CLANG_WARN_SUSPICIOUS_MOVE = YES;
				CLANG_WARN_UNGUARDED_AVAILABILITY = YES_AGGRESSIVE;
				CLANG_WARN_UNREACHABLE_CODE = YES;
				CLANG_WARN__DUPLICATE_METHOD_MATCH = YES;
				COPY_PHASE_STRIP = NO;
				DEBUG_INFORMATION_FORMAT = "dwarf-with-dsym";
				ENABLE_NS_ASSERTIONS = NO;
				ENABLE_STRICT_OBJC_MSGSEND = YES;
				GCC_C_LANGUAGE_STANDARD = gnu11;
				GCC_NO_COMMON_BLOCKS = YES;
				GCC_WARN_64_TO_32_BIT_CONVERSION = YES;
				GCC_WARN_ABOUT_RETURN_TYPE = YES_ERROR;
				GCC_WARN_UNDECLARED_SELECTOR = YES;
				GCC_WARN_UNINITIALIZED_AUTOS = YES_AGGRESSIVE;
				GCC_WARN_UNUSED_FUNCTION = YES;
				GCC_WARN_UNUSED_VARIABLE = YES;
				IPHONEOS_DEPLOYMENT_TARGET = 13.1;
				MTL_ENABLE_DEBUG_INFO = NO;
				MTL_FAST_MATH = YES;
				SDKROOT = iphoneos;
				SWIFT_COMPILATION_MODE = wholemodule;
				SWIFT_OPTIMIZATION_LEVEL = "-O";
				VALIDATE_PRODUCT = YES;
			};
			name = Release;
		};
		7581789A23E09C0B0024910D /* Debug */ = {
			isa = XCBuildConfiguration;
			buildSettings = {
				ASSETCATALOG_COMPILER_APPICON_NAME = AppIcon;
				CODE_SIGN_STYLE = Automatic;
				DEVELOPMENT_TEAM = NRYJ47QJ4A;
				INFOPLIST_FILE = "Top Stories/Info.plist";
				LD_RUNPATH_SEARCH_PATHS = (
					"$(inherited)",
					"@executable_path/Frameworks",
				);
				PRODUCT_BUNDLE_IDENTIFIER = "NSD.Top-Stories";
				PRODUCT_NAME = "$(TARGET_NAME)";
				SWIFT_VERSION = 5.0;
				TARGETED_DEVICE_FAMILY = "1,2";
			};
			name = Debug;
		};
		7581789B23E09C0B0024910D /* Release */ = {
			isa = XCBuildConfiguration;
			buildSettings = {
				ASSETCATALOG_COMPILER_APPICON_NAME = AppIcon;
				CODE_SIGN_STYLE = Automatic;
				DEVELOPMENT_TEAM = NRYJ47QJ4A;
				INFOPLIST_FILE = "Top Stories/Info.plist";
				LD_RUNPATH_SEARCH_PATHS = (
					"$(inherited)",
					"@executable_path/Frameworks",
				);
				PRODUCT_BUNDLE_IDENTIFIER = "NSD.Top-Stories";
				PRODUCT_NAME = "$(TARGET_NAME)";
				SWIFT_VERSION = 5.0;
				TARGETED_DEVICE_FAMILY = "1,2";
			};
			name = Release;
		};
		7581789D23E09C0B0024910D /* Debug */ = {
			isa = XCBuildConfiguration;
			buildSettings = {
				ALWAYS_EMBED_SWIFT_STANDARD_LIBRARIES = YES;
				BUNDLE_LOADER = "$(TEST_HOST)";
				CODE_SIGN_STYLE = Automatic;
				DEVELOPMENT_TEAM = NRYJ47QJ4A;
				INFOPLIST_FILE = "Top StoriesTests/Info.plist";
				IPHONEOS_DEPLOYMENT_TARGET = 13.1;
				LD_RUNPATH_SEARCH_PATHS = (
					"$(inherited)",
					"@executable_path/Frameworks",
					"@loader_path/Frameworks",
				);
				PRODUCT_BUNDLE_IDENTIFIER = "NSD.Top-StoriesTests";
				PRODUCT_NAME = "$(TARGET_NAME)";
				SWIFT_VERSION = 5.0;
				TARGETED_DEVICE_FAMILY = "1,2";
				TEST_HOST = "$(BUILT_PRODUCTS_DIR)/Top Stories.app/Top Stories";
			};
			name = Debug;
		};
		7581789E23E09C0B0024910D /* Release */ = {
			isa = XCBuildConfiguration;
			buildSettings = {
				ALWAYS_EMBED_SWIFT_STANDARD_LIBRARIES = YES;
				BUNDLE_LOADER = "$(TEST_HOST)";
				CODE_SIGN_STYLE = Automatic;
				DEVELOPMENT_TEAM = NRYJ47QJ4A;
				INFOPLIST_FILE = "Top StoriesTests/Info.plist";
				IPHONEOS_DEPLOYMENT_TARGET = 13.1;
				LD_RUNPATH_SEARCH_PATHS = (
					"$(inherited)",
					"@executable_path/Frameworks",
					"@loader_path/Frameworks",
				);
				PRODUCT_BUNDLE_IDENTIFIER = "NSD.Top-StoriesTests";
				PRODUCT_NAME = "$(TARGET_NAME)";
				SWIFT_VERSION = 5.0;
				TARGETED_DEVICE_FAMILY = "1,2";
				TEST_HOST = "$(BUILT_PRODUCTS_DIR)/Top Stories.app/Top Stories";
			};
			name = Release;
		};
		758178A023E09C0B0024910D /* Debug */ = {
			isa = XCBuildConfiguration;
			buildSettings = {
				ALWAYS_EMBED_SWIFT_STANDARD_LIBRARIES = YES;
				CODE_SIGN_STYLE = Automatic;
				DEVELOPMENT_TEAM = NRYJ47QJ4A;
				INFOPLIST_FILE = "Top StoriesUITests/Info.plist";
				LD_RUNPATH_SEARCH_PATHS = (
					"$(inherited)",
					"@executable_path/Frameworks",
					"@loader_path/Frameworks",
				);
				PRODUCT_BUNDLE_IDENTIFIER = "NSD.Top-StoriesUITests";
				PRODUCT_NAME = "$(TARGET_NAME)";
				SWIFT_VERSION = 5.0;
				TARGETED_DEVICE_FAMILY = "1,2";
				TEST_TARGET_NAME = "Top Stories";
			};
			name = Debug;
		};
		758178A123E09C0B0024910D /* Release */ = {
			isa = XCBuildConfiguration;
			buildSettings = {
				ALWAYS_EMBED_SWIFT_STANDARD_LIBRARIES = YES;
				CODE_SIGN_STYLE = Automatic;
				DEVELOPMENT_TEAM = NRYJ47QJ4A;
				INFOPLIST_FILE = "Top StoriesUITests/Info.plist";
				LD_RUNPATH_SEARCH_PATHS = (
					"$(inherited)",
					"@executable_path/Frameworks",
					"@loader_path/Frameworks",
				);
				PRODUCT_BUNDLE_IDENTIFIER = "NSD.Top-StoriesUITests";
				PRODUCT_NAME = "$(TARGET_NAME)";
				SWIFT_VERSION = 5.0;
				TARGETED_DEVICE_FAMILY = "1,2";
				TEST_TARGET_NAME = "Top Stories";
			};
			name = Release;
		};
/* End XCBuildConfiguration section */

/* Begin XCConfigurationList section */
		7581786A23E09C060024910D /* Build configuration list for PBXProject "Top Stories" */ = {
			isa = XCConfigurationList;
			buildConfigurations = (
				7581789723E09C0B0024910D /* Debug */,
				7581789823E09C0B0024910D /* Release */,
			);
			defaultConfigurationIsVisible = 0;
			defaultConfigurationName = Release;
		};
		7581789923E09C0B0024910D /* Build configuration list for PBXNativeTarget "Top Stories" */ = {
			isa = XCConfigurationList;
			buildConfigurations = (
				7581789A23E09C0B0024910D /* Debug */,
				7581789B23E09C0B0024910D /* Release */,
			);
			defaultConfigurationIsVisible = 0;
			defaultConfigurationName = Release;
		};
		7581789C23E09C0B0024910D /* Build configuration list for PBXNativeTarget "Top StoriesTests" */ = {
			isa = XCConfigurationList;
			buildConfigurations = (
				7581789D23E09C0B0024910D /* Debug */,
				7581789E23E09C0B0024910D /* Release */,
			);
			defaultConfigurationIsVisible = 0;
			defaultConfigurationName = Release;
		};
		7581789F23E09C0B0024910D /* Build configuration list for PBXNativeTarget "Top StoriesUITests" */ = {
			isa = XCConfigurationList;
			buildConfigurations = (
				758178A023E09C0B0024910D /* Debug */,
				758178A123E09C0B0024910D /* Release */,
			);
			defaultConfigurationIsVisible = 0;
			defaultConfigurationName = Release;
		};
/* End XCConfigurationList section */
	};
	rootObject = 7581786723E09C060024910D /* Project object */;
}
